
Microsoft Visual Studio Solution File, Format Version 12.00
# Visual Studio Version 16
VisualStudioVersion = 16.0.28803.452
MinimumVisualStudioVersion = 10.0.40219.1
Project("{FAE04EC0-301F-11D3-BF4B-00C04F79EFBC}") = "Rezerwacja pokoi", "Rezerwacja pokoi\Rezerwacja pokoi.csproj", "{BBCDAB04-2864-49B4-B2C1-DE0B5FDA9A67}"
EndProject
Global
	GlobalSection(SolutionConfigurationPlatforms) = preSolution
		Debug|Any CPU = Debug|Any CPU
		Release|Any CPU = Release|Any CPU
	EndGlobalSection
	GlobalSection(ProjectConfigurationPlatforms) = postSolution
		{BBCDAB04-2864-49B4-B2C1-DE0B5FDA9A67}.Debug|Any CPU.ActiveCfg = Debug|Any CPU
		{BBCDAB04-2864-49B4-B2C1-DE0B5FDA9A67}.Debug|Any CPU.Build.0 = Debug|Any CPU
		{BBCDAB04-2864-49B4-B2C1-DE0B5FDA9A67}.Release|Any CPU.ActiveCfg = Release|Any CPU
		{BBCDAB04-2864-49B4-B2C1-DE0B5FDA9A67}.Release|Any CPU.Build.0 = Release|Any CPU
	EndGlobalSection
	GlobalSection(SolutionProperties) = preSolution
		HideSolutionNode = FALSE
	EndGlobalSection
	GlobalSection(ExtensibilityGlobals) = postSolution
		SolutionGuid = {8474DBFB-FD10-4639-A891-8DBD8974E128}
	EndGlobalSection
EndGlobal
